// !$*UTF8*$!
{
	archiveVersion = 1;
	classes = {
	};
	objectVersion = 56;
	objects = {

/* Begin PBXBuildFile section */
		E8430284290ACDAD00C649DB /* AppDelegate.swift in Sources */ = {isa = PBXBuildFile; fileRef = E8430283290ACDAD00C649DB /* AppDelegate.swift */; };
		E8430286290ACDAD00C649DB /* SceneDelegate.swift in Sources */ = {isa = PBXBuildFile; fileRef = E8430285290ACDAD00C649DB /* SceneDelegate.swift */; };
		E8430288290ACDAD00C649DB /* ViewController.swift in Sources */ = {isa = PBXBuildFile; fileRef = E8430287290ACDAD00C649DB /* ViewController.swift */; };
		E843028B290ACDAD00C649DB /* Main.storyboard in Resources */ = {isa = PBXBuildFile; fileRef = E8430289290ACDAD00C649DB /* Main.storyboard */; };
		E843028D290ACDAE00C649DB /* Assets.xcassets in Resources */ = {isa = PBXBuildFile; fileRef = E843028C290ACDAE00C649DB /* Assets.xcassets */; };
		E8430290290ACDAE00C649DB /* LaunchScreen.storyboard in Resources */ = {isa = PBXBuildFile; fileRef = E843028E290ACDAE00C649DB /* LaunchScreen.storyboard */; };
		E843029A290AE48B00C649DB /* UITextLabel.swift in Sources */ = {isa = PBXBuildFile; fileRef = E8430299290AE48B00C649DB /* UITextLabel.swift */; };
/* End PBXBuildFile section */

/* Begin PBXFileReference section */
		E8430280290ACDAD00C649DB /* TextKitPlayground.app */ = {isa = PBXFileReference; explicitFileType = wrapper.application; includeInIndex = 0; path = TextKitPlayground.app; sourceTree = BUILT_PRODUCTS_DIR; };
		E8430283290ACDAD00C649DB /* AppDelegate.swift */ = {isa = PBXFileReference; lastKnownFileType = sourcecode.swift; path = AppDelegate.swift; sourceTree = "<group>"; };
		E8430285290ACDAD00C649DB /* SceneDelegate.swift */ = {isa = PBXFileReference; lastKnownFileType = sourcecode.swift; path = SceneDelegate.swift; sourceTree = "<group>"; };
		E8430287290ACDAD00C649DB /* ViewController.swift */ = {isa = PBXFileReference; lastKnownFileType = sourcecode.swift; path = ViewController.swift; sourceTree = "<group>"; };
		E843028A290ACDAD00C649DB /* Base */ = {isa = PBXFileReference; lastKnownFileType = file.storyboard; name = Base; path = Base.lproj/Main.storyboard; sourceTree = "<group>"; };
		E843028C290ACDAE00C649DB /* Assets.xcassets */ = {isa = PBXFileReference; lastKnownFileType = folder.assetcatalog; path = Assets.xcassets; sourceTree = "<group>"; };
		E843028F290ACDAE00C649DB /* Base */ = {isa = PBXFileReference; lastKnownFileType = file.storyboard; name = Base; path = Base.lproj/LaunchScreen.storyboard; sourceTree = "<group>"; };
		E8430291290ACDAE00C649DB /* Info.plist */ = {isa = PBXFileReference; lastKnownFileType = text.plist.xml; path = Info.plist; sourceTree = "<group>"; };
		E8430299290AE48B00C649DB /* UITextLabel.swift */ = {isa = PBXFileReference; lastKnownFileType = sourcecode.swift; path = UITextLabel.swift; sourceTree = "<group>"; };
/* End PBXFileReference section */

/* Begin PBXFrameworksBuildPhase section */
		E843027D290ACDAD00C649DB /* Frameworks */ = {
			isa = PBXFrameworksBuildPhase;
			buildActionMask = 2147483647;
			files = (
			);
			runOnlyForDeploymentPostprocessing = 0;
		};
/* End PBXFrameworksBuildPhase section */

/* Begin PBXGroup section */
		E8430277290ACDAC00C649DB = {
			isa = PBXGroup;
			children = (
				E8430282290ACDAD00C649DB /* TextKitPlayground */,
				E8430281290ACDAD00C649DB /* Products */,
			);
			sourceTree = "<group>";
		};
		E8430281290ACDAD00C649DB /* Products */ = {
			isa = PBXGroup;
			children = (
				E8430280290ACDAD00C649DB /* TextKitPlayground.app */,
			);
			name = Products;
			sourceTree = "<group>";
		};
		E8430282290ACDAD00C649DB /* TextKitPlayground */ = {
			isa = PBXGroup;
			children = (
				E8430299290AE48B00C649DB /* UITextLabel.swift */,
				E8430287290ACDAD00C649DB /* ViewController.swift */,
				E843029D290AE91D00C649DB /* Application */,
				E8430289290ACDAD00C649DB /* Main.storyboard */,
				E843029C290AE91300C649DB /* Resources */,
				E843029B290AE90900C649DB /* Support */,
			);
			path = TextKitPlayground;
			sourceTree = "<group>";
		};
		E843029B290AE90900C649DB /* Support */ = {
			isa = PBXGroup;
			children = (
				E8430291290ACDAE00C649DB /* Info.plist */,
			);
			name = Support;
			sourceTree = "<group>";
		};
		E843029C290AE91300C649DB /* Resources */ = {
			isa = PBXGroup;
			children = (
				E843028C290ACDAE00C649DB /* Assets.xcassets */,
			);
			name = Resources;
			sourceTree = "<group>";
		};
		E843029D290AE91D00C649DB /* Application */ = {
			isa = PBXGroup;
			children = (
				E8430283290ACDAD00C649DB /* AppDelegate.swift */,
				E8430285290ACDAD00C649DB /* SceneDelegate.swift */,
				E843028E290ACDAE00C649DB /* LaunchScreen.storyboard */,
			);
			name = Application;
			sourceTree = "<group>";
		};
/* End PBXGroup section */

/* Begin PBXNativeTarget section */
		E843027F290ACDAD00C649DB /* TextKitPlayground */ = {
			isa = PBXNativeTarget;
			buildConfigurationList = E8430294290ACDAE00C649DB /* Build configuration list for PBXNativeTarget "TextKitPlayground" */;
			buildPhases = (
				E843027C290ACDAD00C649DB /* Sources */,
				E843027D290ACDAD00C649DB /* Frameworks */,
				E843027E290ACDAD00C649DB /* Resources */,
			);
			buildRules = (
			);
			dependencies = (
			);
			name = TextKitPlayground;
			productName = TextKitPlayground;
			productReference = E8430280290ACDAD00C649DB /* TextKitPlayground.app */;
			productType = "com.apple.product-type.application";
		};
/* End PBXNativeTarget section */

/* Begin PBXProject section */
		E8430278290ACDAC00C649DB /* Project object */ = {
			isa = PBXProject;
			attributes = {
				BuildIndependentTargetsInParallel = 1;
				LastSwiftUpdateCheck = 1400;
				LastUpgradeCheck = 1400;
				TargetAttributes = {
					E843027F290ACDAD00C649DB = {
						CreatedOnToolsVersion = 14.0.1;
					};
				};
			};
			buildConfigurationList = E843027B290ACDAC00C649DB /* Build configuration list for PBXProject "TextKitPlayground" */;
			compatibilityVersion = "Xcode 14.0";
			developmentRegion = en;
			hasScannedForEncodings = 0;
			knownRegions = (
				en,
				Base,
			);
			mainGroup = E8430277290ACDAC00C649DB;
			productRefGroup = E8430281290ACDAD00C649DB /* Products */;
			projectDirPath = "";
			projectRoot = "";
			targets = (
				E843027F290ACDAD00C649DB /* TextKitPlayground */,
			);
		};
/* End PBXProject section */

/* Begin PBXResourcesBuildPhase section */
		E843027E290ACDAD00C649DB /* Resources */ = {
			isa = PBXResourcesBuildPhase;
			buildActionMask = 2147483647;
			files = (
				E8430290290ACDAE00C649DB /* LaunchScreen.storyboard in Resources */,
				E843028D290ACDAE00C649DB /* Assets.xcassets in Resources */,
				E843028B290ACDAD00C649DB /* Main.storyboard in Resources */,
			);
			runOnlyForDeploymentPostprocessing = 0;
		};
/* End PBXResourcesBuildPhase section */

/* Begin PBXSourcesBuildPhase section */
		E843027C290ACDAD00C649DB /* Sources */ = {
			isa = PBXSourcesBuildPhase;
			buildActionMask = 2147483647;
			files = (
				E8430288290ACDAD00C649DB /* ViewController.swift in Sources */,
				E8430284290ACDAD00C649DB /* AppDelegate.swift in Sources */,
				E843029A290AE48B00C649DB /* UITextLabel.swift in Sources */,
				E8430286290ACDAD00C649DB /* SceneDelegate.swift in Sources */,
			);
			runOnlyForDeploymentPostprocessing = 0;
		};
/* End PBXSourcesBuildPhase section */

/* Begin PBXVariantGroup section */
		E8430289290ACDAD00C649DB /* Main.storyboard */ = {
			isa = PBXVariantGroup;
			children = (
				E843028A290ACDAD00C649DB /* Base */,
			);
			name = Main.storyboard;
			sourceTree = "<group>";
		};
		E843028E290ACDAE00C649DB /* LaunchScreen.storyboard */ = {
			isa = PBXVariantGroup;
			children = (
				E843028F290ACDAE00C649DB /* Base */,
			);
			name = LaunchScreen.storyboard;
			sourceTree = "<group>";
		};
/* End PBXVariantGroup section */

/* Begin XCBuildConfiguration section */
		E8430292290ACDAE00C649DB /* Debug */ = {
			isa = XCBuildConfiguration;
			buildSettings = {
				ALWAYS_SEARCH_USER_PATHS = NO;
				CLANG_ANALYZER_NONNULL = YES;
				CLANG_ANALYZER_NUMBER_OBJECT_CONVERSION = YES_AGGRESSIVE;
				CLANG_CXX_LANGUAGE_STANDARD = "gnu++20";
				CLANG_ENABLE_MODULES = YES;
				CLANG_ENABLE_OBJC_ARC = YES;
				CLANG_ENABLE_OBJC_WEAK = YES;
				CLANG_WARN_BLOCK_CAPTURE_AUTORELEASING = YES;
				CLANG_WARN_BOOL_CONVERSION = YES;
				CLANG_WARN_COMMA = YES;
				CLANG_WARN_CONSTANT_CONVERSION = YES;
				CLANG_WARN_DEPRECATED_OBJC_IMPLEMENTATIONS = YES;
				CLANG_WARN_DIRECT_OBJC_ISA_USAGE = YES_ERROR;
				CLANG_WARN_DOCUMENTATION_COMMENTS = YES;
				CLANG_WARN_EMPTY_BODY = YES;
				CLANG_WARN_ENUM_CONVERSION = YES;
				CLANG_WARN_INFINITE_RECURSION = YES;
				CLANG_WARN_INT_CONVERSION = YES;
				CLANG_WARN_NON_LITERAL_NULL_CONVERSION = YES;
				CLANG_WARN_OBJC_IMPLICIT_RETAIN_SELF = YES;
				CLANG_WARN_OBJC_LITERAL_CONVERSION = YES;
				CLANG_WARN_OBJC_ROOT_CLASS = YES_ERROR;
				CLANG_WARN_QUOTED_INCLUDE_IN_FRAMEWORK_HEADER = YES;
				CLANG_WARN_RANGE_LOOP_ANALYSIS = YES;
				CLANG_WARN_STRICT_PROTOTYPES = YES;
				CLANG_WARN_SUSPICIOUS_MOVE = YES;
				CLANG_WARN_UNGUARDED_AVAILABILITY = YES_AGGRESSIVE;
				CLANG_WARN_UNREACHABLE_CODE = YES;
				CLANG_WARN__DUPLICATE_METHOD_MATCH = YES;
				COPY_PHASE_STRIP = NO;
				DEBUG_INFORMATION_FORMAT = dwarf;
				ENABLE_STRICT_OBJC_MSGSEND = YES;
				ENABLE_TESTABILITY = YES;
				GCC_C_LANGUAGE_STANDARD = gnu11;
				GCC_DYNAMIC_NO_PIC = NO;
				GCC_NO_COMMON_BLOCKS = YES;
				GCC_OPTIMIZATION_LEVEL = 0;
				GCC_PREPROCESSOR_DEFINITIONS = (
					"DEBUG=1",
					"$(inherited)",
				);
				GCC_WARN_64_TO_32_BIT_CONVERSION = YES;
				GCC_WARN_ABOUT_RETURN_TYPE = YES_ERROR;
				GCC_WARN_UNDECLARED_SELECTOR = YES;
				GCC_WARN_UNINITIALIZED_AUTOS = YES_AGGRESSIVE;
				GCC_WARN_UNUSED_FUNCTION = YES;
				GCC_WARN_UNUSED_VARIABLE = YES;
				IPHONEOS_DEPLOYMENT_TARGET = 16.0;
				MTL_ENABLE_DEBUG_INFO = INCLUDE_SOURCE;
				MTL_FAST_MATH = YES;
				ONLY_ACTIVE_ARCH = YES;
				SDKROOT = iphoneos;
				SWIFT_ACTIVE_COMPILATION_CONDITIONS = DEBUG;
				SWIFT_OPTIMIZATION_LEVEL = "-Onone";
			};
			name = Debug;
		};
		E8430293290ACDAE00C649DB /* Release */ = {
			isa = XCBuildConfiguration;
			buildSettings = {
				ALWAYS_SEARCH_USER_PATHS = NO;
				CLANG_ANALYZER_NONNULL = YES;
				CLANG_ANALYZER_NUMBER_OBJECT_CONVERSION = YES_AGGRESSIVE;
				CLANG_CXX_LANGUAGE_STANDARD = "gnu++20";
				CLANG_ENABLE_MODULES = YES;
				CLANG_ENABLE_OBJC_ARC = YES;
				CLANG_ENABLE_OBJC_WEAK = YES;
				CLANG_WARN_BLOCK_CAPTURE_AUTORELEASING = YES;
				CLANG_WARN_BOOL_CONVERSION = YES;
				CLANG_WARN_COMMA = YES;
				CLANG_WARN_CONSTANT_CONVERSION = YES;
				CLANG_WARN_DEPRECATED_OBJC_IMPLEMENTATIONS = YES;
				CLANG_WARN_DIRECT_OBJC_ISA_USAGE = YES_ERROR;
				CLANG_WARN_DOCUMENTATION_COMMENTS = YES;
				CLANG_WARN_EMPTY_BODY = YES;
				CLANG_WARN_ENUM_CONVERSION = YES;
				CLANG_WARN_INFINITE_RECURSION = YES;
				CLANG_WARN_INT_CONVERSION = YES;
				CLANG_WARN_NON_LITERAL_NULL_CONVERSION = YES;
				CLANG_WARN_OBJC_IMPLICIT_RETAIN_SELF = YES;
				CLANG_WARN_OBJC_LITERAL_CONVERSION = YES;
				CLANG_WARN_OBJC_ROOT_CLASS = YES_ERROR;
				CLANG_WARN_QUOTED_INCLUDE_IN_FRAMEWORK_HEADER = YES;
				CLANG_WARN_RANGE_LOOP_ANALYSIS = YES;
				CLANG_WARN_STRICT_PROTOTYPES = YES;
				CLANG_WARN_SUSPICIOUS_MOVE = YES;
				CLANG_WARN_UNGUARDED_AVAILABILITY = YES_AGGRESSIVE;
				CLANG_WARN_UNREACHABLE_CODE = YES;
				CLANG_WARN__DUPLICATE_METHOD_MATCH = YES;
				COPY_PHASE_STRIP = NO;
				DEBUG_INFORMATION_FORMAT = "dwarf-with-dsym";
				ENABLE_NS_ASSERTIONS = NO;
				ENABLE_STRICT_OBJC_MSGSEND = YES;
				GCC_C_LANGUAGE_STANDARD = gnu11;
				GCC_NO_COMMON_BLOCKS = YES;
				GCC_WARN_64_TO_32_BIT_CONVERSION = YES;
				GCC_WARN_ABOUT_RETURN_TYPE = YES_ERROR;
				GCC_WARN_UNDECLARED_SELECTOR = YES;
				GCC_WARN_UNINITIALIZED_AUTOS = YES_AGGRESSIVE;
				GCC_WARN_UNUSED_FUNCTION = YES;
				GCC_WARN_UNUSED_VARIABLE = YES;
				IPHONEOS_DEPLOYMENT_TARGET = 16.0;
				MTL_ENABLE_DEBUG_INFO = NO;
				MTL_FAST_MATH = YES;
				SDKROOT = iphoneos;
				SWIFT_COMPILATION_MODE = wholemodule;
				SWIFT_OPTIMIZATION_LEVEL = "-O";
				VALIDATE_PRODUCT = YES;
			};
			name = Release;
		};
		E8430295290ACDAE00C649DB /* Debug */ = {
			isa = XCBuildConfiguration;
			buildSettings = {
				ASSETCATALOG_COMPILER_APPICON_NAME = AppIcon;
				ASSETCATALOG_COMPILER_GLOBAL_ACCENT_COLOR_NAME = AccentColor;
				CODE_SIGN_STYLE = Automatic;
				CURRENT_PROJECT_VERSION = 1;
				DEVELOPMENT_TEAM = 87LLNW7P4C;
				GENERATE_INFOPLIST_FILE = YES;
				INFOPLIST_FILE = TextKitPlayground/Info.plist;
				INFOPLIST_KEY_CFBundleDisplayName = TextKit;
				INFOPLIST_KEY_UIApplicationSupportsIndirectInputEvents = YES;
				INFOPLIST_KEY_UILaunchStoryboardName = LaunchScreen.storyboard;
				INFOPLIST_KEY_UIMainStoryboardFile = Main;
				INFOPLIST_KEY_UISupportedInterfaceOrientations_iPad = "UIInterfaceOrientationPortrait UIInterfaceOrientationPortraitUpsideDown UIInterfaceOrientationLandscapeLeft UIInterfaceOrientationLandscapeRight";
				INFOPLIST_KEY_UISupportedInterfaceOrientations_iPhone = "UIInterfaceOrientationPortrait UIInterfaceOrientationLandscapeLeft UIInterfaceOrientationLandscapeRight";
				IPHONEOS_DEPLOYMENT_TARGET = 13.0;
				LD_RUNPATH_SEARCH_PATHS = (
					"$(inherited)",
					"@executable_path/Frameworks",
				);
				MARKETING_VERSION = 1.0;
				PRODUCT_BUNDLE_IDENTIFIER = VaslD.App.TextKitPlayground;
				PRODUCT_NAME = "$(TARGET_NAME)";
				SUPPORTED_PLATFORMS = "iphoneos iphonesimulator";
				SUPPORTS_MACCATALYST = NO;
				SUPPORTS_MAC_DESIGNED_FOR_IPHONE_IPAD = NO;
				SWIFT_EMIT_LOC_STRINGS = YES;
				SWIFT_VERSION = 5.0;
				TARGETED_DEVICE_FAMILY = "1,2";
			};
			name = Debug;
		};
		E8430296290ACDAE00C649DB /* Release */ = {
			isa = XCBuildConfiguration;
			buildSettings = {
				ASSETCATALOG_COMPILER_APPICON_NAME = AppIcon;
				ASSETCATALOG_COMPILER_GLOBAL_ACCENT_COLOR_NAME = AccentColor;
				CODE_SIGN_STYLE = Automatic;
				CURRENT_PROJECT_VERSION = 1;
				DEVELOPMENT_TEAM = 87LLNW7P4C;
				GENERATE_INFOPLIST_FILE = YES;
				INFOPLIST_FILE = TextKitPlayground/Info.plist;
				INFOPLIST_KEY_CFBundleDisplayName = TextKit;
				INFOPLIST_KEY_UIApplicationSupportsIndirectInputEvents = YES;
				INFOPLIST_KEY_UILaunchStoryboardName = LaunchScreen.storyboard;
				INFOPLIST_KEY_UIMainStoryboardFile = Main;
				INFOPLIST_KEY_UISupportedInterfaceOrientations_iPad = "UIInterfaceOrientationPortrait UIInterfaceOrientationPortraitUpsideDown UIInterfaceOrientationLandscapeLeft UIInterfaceOrientationLandscapeRight";
				INFOPLIST_KEY_UISupportedInterfaceOrientations_iPhone = "UIInterfaceOrientationPortrait UIInterfaceOrientationLandscapeLeft UIInterfaceOrientationLandscapeRight";
				IPHONEOS_DEPLOYMENT_TARGET = 13.0;
				LD_RUNPATH_SEARCH_PATHS = (
					"$(inherited)",
					"@executable_path/Frameworks",
				);
				MARKETING_VERSION = 1.0;
				PRODUCT_BUNDLE_IDENTIFIER = VaslD.App.TextKitPlayground;
				PRODUCT_NAME = "$(TARGET_NAME)";
				SUPPORTED_PLATFORMS = "iphoneos iphonesimulator";
				SUPPORTS_MACCATALYST = NO;
				SUPPORTS_MAC_DESIGNED_FOR_IPHONE_IPAD = NO;
				SWIFT_EMIT_LOC_STRINGS = YES;
				SWIFT_VERSION = 5.0;
				TARGETED_DEVICE_FAMILY = "1,2";
			};
			name = Release;
		};
/* End XCBuildConfiguration section */

/* Begin XCConfigurationList section */
		E843027B290ACDAC00C649DB /* Build configuration list for PBXProject "TextKitPlayground" */ = {
			isa = XCConfigurationList;
			buildConfigurations = (
				E8430292290ACDAE00C649DB /* Debug */,
				E8430293290ACDAE00C649DB /* Release */,
			);
			defaultConfigurationIsVisible = 0;
			defaultConfigurationName = Release;
		};
		E8430294290ACDAE00C649DB /* Build configuration list for PBXNativeTarget "TextKitPlayground" */ = {
			isa = XCConfigurationList;
			buildConfigurations = (
				E8430295290ACDAE00C649DB /* Debug */,
				E8430296290ACDAE00C649DB /* Release */,
			);
			defaultConfigurationIsVisible = 0;
			defaultConfigurationName = Release;
		};
/* End XCConfigurationList section */
	};
	rootObject = E8430278290ACDAC00C649DB /* Project object */;
}
